// !$*UTF8*$!
{
	archiveVersion = 1;
	classes = {
	};
	objectVersion = 46;
	objects = {

/* Begin PBXBuildFile section */
		ADD279761B4D36D3002E28FF /* AppDelegate.swift in Sources */ = {isa = PBXBuildFile; fileRef = ADD279751B4D36D3002E28FF /* AppDelegate.swift */; };
		ADD279781B4D36D3002E28FF /* ViewController.swift in Sources */ = {isa = PBXBuildFile; fileRef = ADD279771B4D36D3002E28FF /* ViewController.swift */; };
		ADD2797B1B4D36D3002E28FF /* Main.storyboard in Resources */ = {isa = PBXBuildFile; fileRef = ADD279791B4D36D3002E28FF /* Main.storyboard */; };
		ADD2797D1B4D36D3002E28FF /* Images.xcassets in Resources */ = {isa = PBXBuildFile; fileRef = ADD2797C1B4D36D3002E28FF /* Images.xcassets */; };
		ADD279801B4D36D3002E28FF /* LaunchScreen.xib in Resources */ = {isa = PBXBuildFile; fileRef = ADD2797E1B4D36D3002E28FF /* LaunchScreen.xib */; };
		ADD2798C1B4D36D3002E28FF /* Pitch_Perfect_v2Tests.swift in Sources */ = {isa = PBXBuildFile; fileRef = ADD2798B1B4D36D3002E28FF /* Pitch_Perfect_v2Tests.swift */; };
/* End PBXBuildFile section */

/* Begin PBXContainerItemProxy section */
		ADD279861B4D36D3002E28FF /* PBXContainerItemProxy */ = {
			isa = PBXContainerItemProxy;
			containerPortal = ADD279681B4D36D3002E28FF /* Project object */;
			proxyType = 1;
			remoteGlobalIDString = ADD2796F1B4D36D3002E28FF;
			remoteInfo = "Pitch Perfect v2";
		};
/* End PBXContainerItemProxy section */

/* Begin PBXFileReference section */
		ADD279701B4D36D3002E28FF /* Pitch Perfect v2.app */ = {isa = PBXFileReference; explicitFileType = wrapper.application; includeInIndex = 0; path = "Pitch Perfect v2.app"; sourceTree = BUILT_PRODUCTS_DIR; };
		ADD279741B4D36D3002E28FF /* Info.plist */ = {isa = PBXFileReference; lastKnownFileType = text.plist.xml; path = Info.plist; sourceTree = "<group>"; };
		ADD279751B4D36D3002E28FF /* AppDelegate.swift */ = {isa = PBXFileReference; lastKnownFileType = sourcecode.swift; path = AppDelegate.swift; sourceTree = "<group>"; };
		ADD279771B4D36D3002E28FF /* ViewController.swift */ = {isa = PBXFileReference; lastKnownFileType = sourcecode.swift; path = ViewController.swift; sourceTree = "<group>"; };
		ADD2797A1B4D36D3002E28FF /* Base */ = {isa = PBXFileReference; lastKnownFileType = file.storyboard; name = Base; path = Base.lproj/Main.storyboard; sourceTree = "<group>"; };
		ADD2797C1B4D36D3002E28FF /* Images.xcassets */ = {isa = PBXFileReference; lastKnownFileType = folder.assetcatalog; path = Images.xcassets; sourceTree = "<group>"; };
		ADD2797F1B4D36D3002E28FF /* Base */ = {isa = PBXFileReference; lastKnownFileType = file.xib; name = Base; path = Base.lproj/LaunchScreen.xib; sourceTree = "<group>"; };
		ADD279851B4D36D3002E28FF /* Pitch Perfect v2Tests.xctest */ = {isa = PBXFileReference; explicitFileType = wrapper.cfbundle; includeInIndex = 0; path = "Pitch Perfect v2Tests.xctest"; sourceTree = BUILT_PRODUCTS_DIR; };
		ADD2798A1B4D36D3002E28FF /* Info.plist */ = {isa = PBXFileReference; lastKnownFileType = text.plist.xml; path = Info.plist; sourceTree = "<group>"; };
		ADD2798B1B4D36D3002E28FF /* Pitch_Perfect_v2Tests.swift */ = {isa = PBXFileReference; lastKnownFileType = sourcecode.swift; path = Pitch_Perfect_v2Tests.swift; sourceTree = "<group>"; };
/* End PBXFileReference section */

/* Begin PBXFrameworksBuildPhase section */
		ADD2796D1B4D36D3002E28FF /* Frameworks */ = {
			isa = PBXFrameworksBuildPhase;
			buildActionMask = 2147483647;
			files = (
			);
			runOnlyForDeploymentPostprocessing = 0;
		};
		ADD279821B4D36D3002E28FF /* Frameworks */ = {
			isa = PBXFrameworksBuildPhase;
			buildActionMask = 2147483647;
			files = (
			);
			runOnlyForDeploymentPostprocessing = 0;
		};
/* End PBXFrameworksBuildPhase section */

/* Begin PBXGroup section */
		ADD279671B4D36D3002E28FF = {
			isa = PBXGroup;
			children = (
				ADD279721B4D36D3002E28FF /* Pitch Perfect v2 */,
				ADD279881B4D36D3002E28FF /* Pitch Perfect v2Tests */,
				ADD279711B4D36D3002E28FF /* Products */,
			);
			sourceTree = "<group>";
		};
		ADD279711B4D36D3002E28FF /* Products */ = {
			isa = PBXGroup;
			children = (
				ADD279701B4D36D3002E28FF /* Pitch Perfect v2.app */,
				ADD279851B4D36D3002E28FF /* Pitch Perfect v2Tests.xctest */,
			);
			name = Products;
			sourceTree = "<group>";
		};
		ADD279721B4D36D3002E28FF /* Pitch Perfect v2 */ = {
			isa = PBXGroup;
			children = (
				ADD279751B4D36D3002E28FF /* AppDelegate.swift */,
				ADD279771B4D36D3002E28FF /* ViewController.swift */,
				ADD279791B4D36D3002E28FF /* Main.storyboard */,
				ADD2797C1B4D36D3002E28FF /* Images.xcassets */,
				ADD2797E1B4D36D3002E28FF /* LaunchScreen.xib */,
				ADD279731B4D36D3002E28FF /* Supporting Files */,
			);
			path = "Pitch Perfect v2";
			sourceTree = "<group>";
		};
		ADD279731B4D36D3002E28FF /* Supporting Files */ = {
			isa = PBXGroup;
			children = (
				ADD279741B4D36D3002E28FF /* Info.plist */,
			);
			name = "Supporting Files";
			sourceTree = "<group>";
		};
		ADD279881B4D36D3002E28FF /* Pitch Perfect v2Tests */ = {
			isa = PBXGroup;
			children = (
				ADD2798B1B4D36D3002E28FF /* Pitch_Perfect_v2Tests.swift */,
				ADD279891B4D36D3002E28FF /* Supporting Files */,
			);
			path = "Pitch Perfect v2Tests";
			sourceTree = "<group>";
		};
		ADD279891B4D36D3002E28FF /* Supporting Files */ = {
			isa = PBXGroup;
			children = (
				ADD2798A1B4D36D3002E28FF /* Info.plist */,
			);
			name = "Supporting Files";
			sourceTree = "<group>";
		};
/* End PBXGroup section */

/* Begin PBXNativeTarget section */
		ADD2796F1B4D36D3002E28FF /* Pitch Perfect v2 */ = {
			isa = PBXNativeTarget;
			buildConfigurationList = ADD2798F1B4D36D3002E28FF /* Build configuration list for PBXNativeTarget "Pitch Perfect v2" */;
			buildPhases = (
				ADD2796C1B4D36D3002E28FF /* Sources */,
				ADD2796D1B4D36D3002E28FF /* Frameworks */,
				ADD2796E1B4D36D3002E28FF /* Resources */,
			);
			buildRules = (
			);
			dependencies = (
			);
			name = "Pitch Perfect v2";
			productName = "Pitch Perfect v2";
			productReference = ADD279701B4D36D3002E28FF /* Pitch Perfect v2.app */;
			productType = "com.apple.product-type.application";
		};
		ADD279841B4D36D3002E28FF /* Pitch Perfect v2Tests */ = {
			isa = PBXNativeTarget;
			buildConfigurationList = ADD279921B4D36D3002E28FF /* Build configuration list for PBXNativeTarget "Pitch Perfect v2Tests" */;
			buildPhases = (
				ADD279811B4D36D3002E28FF /* Sources */,
				ADD279821B4D36D3002E28FF /* Frameworks */,
				ADD279831B4D36D3002E28FF /* Resources */,
			);
			buildRules = (
			);
			dependencies = (
				ADD279871B4D36D3002E28FF /* PBXTargetDependency */,
			);
			name = "Pitch Perfect v2Tests";
			productName = "Pitch Perfect v2Tests";
			productReference = ADD279851B4D36D3002E28FF /* Pitch Perfect v2Tests.xctest */;
			productType = "com.apple.product-type.bundle.unit-test";
		};
/* End PBXNativeTarget section */

/* Begin PBXProject section */
		ADD279681B4D36D3002E28FF /* Project object */ = {
			isa = PBXProject;
			attributes = {
				LastUpgradeCheck = 0630;
				ORGANIZATIONNAME = "Refik Fatih Ustok";
				TargetAttributes = {
					ADD2796F1B4D36D3002E28FF = {
						CreatedOnToolsVersion = 6.3.2;
					};
					ADD279841B4D36D3002E28FF = {
						CreatedOnToolsVersion = 6.3.2;
						TestTargetID = ADD2796F1B4D36D3002E28FF;
					};
				};
			};
			buildConfigurationList = ADD2796B1B4D36D3002E28FF /* Build configuration list for PBXProject "Pitch Perfect v2" */;
			compatibilityVersion = "Xcode 3.2";
			developmentRegion = English;
			hasScannedForEncodings = 0;
			knownRegions = (
				en,
				Base,
			);
			mainGroup = ADD279671B4D36D3002E28FF;
			productRefGroup = ADD279711B4D36D3002E28FF /* Products */;
			projectDirPath = "";
			projectRoot = "";
			targets = (
				ADD2796F1B4D36D3002E28FF /* Pitch Perfect v2 */,
				ADD279841B4D36D3002E28FF /* Pitch Perfect v2Tests */,
			);
		};
/* End PBXProject section */

/* Begin PBXResourcesBuildPhase section */
		ADD2796E1B4D36D3002E28FF /* Resources */ = {
			isa = PBXResourcesBuildPhase;
			buildActionMask = 2147483647;
			files = (
				ADD2797B1B4D36D3002E28FF /* Main.storyboard in Resources */,
				ADD279801B4D36D3002E28FF /* LaunchScreen.xib in Resources */,
				ADD2797D1B4D36D3002E28FF /* Images.xcassets in Resources */,
			);
			runOnlyForDeploymentPostprocessing = 0;
		};
		ADD279831B4D36D3002E28FF /* Resources */ = {
			isa = PBXResourcesBuildPhase;
			buildActionMask = 2147483647;
			files = (
			);
			runOnlyForDeploymentPostprocessing = 0;
		};
/* End PBXResourcesBuildPhase section */

/* Begin PBXSourcesBuildPhase section */
		ADD2796C1B4D36D3002E28FF /* Sources */ = {
			isa = PBXSourcesBuildPhase;
			buildActionMask = 2147483647;
			files = (
				ADD279781B4D36D3002E28FF /* ViewController.swift in Sources */,
				ADD279761B4D36D3002E28FF /* AppDelegate.swift in Sources */,
			);
			runOnlyForDeploymentPostprocessing = 0;
		};
		ADD279811B4D36D3002E28FF /* Sources */ = {
			isa = PBXSourcesBuildPhase;
			buildActionMask = 2147483647;
			files = (
				ADD2798C1B4D36D3002E28FF /* Pitch_Perfect_v2Tests.swift in Sources */,
			);
			runOnlyForDeploymentPostprocessing = 0;
		};
/* End PBXSourcesBuildPhase section */

/* Begin PBXTargetDependency section */
		ADD279871B4D36D3002E28FF /* PBXTargetDependency */ = {
			isa = PBXTargetDependency;
			target = ADD2796F1B4D36D3002E28FF /* Pitch Perfect v2 */;
			targetProxy = ADD279861B4D36D3002E28FF /* PBXContainerItemProxy */;
		};
/* End PBXTargetDependency section */

/* Begin PBXVariantGroup section */
		ADD279791B4D36D3002E28FF /* Main.storyboard */ = {
			isa = PBXVariantGroup;
			children = (
				ADD2797A1B4D36D3002E28FF /* Base */,
			);
			name = Main.storyboard;
			sourceTree = "<group>";
		};
		ADD2797E1B4D36D3002E28FF /* LaunchScreen.xib */ = {
			isa = PBXVariantGroup;
			children = (
				ADD2797F1B4D36D3002E28FF /* Base */,
			);
			name = LaunchScreen.xib;
			sourceTree = "<group>";
		};
/* End PBXVariantGroup section */

/* Begin XCBuildConfiguration section */
		ADD2798D1B4D36D3002E28FF /* Debug */ = {
			isa = XCBuildConfiguration;
			buildSettings = {
				ALWAYS_SEARCH_USER_PATHS = NO;
				CLANG_CXX_LANGUAGE_STANDARD = "gnu++0x";
				CLANG_CXX_LIBRARY = "libc++";
				CLANG_ENABLE_MODULES = YES;
				CLANG_ENABLE_OBJC_ARC = YES;
				CLANG_WARN_BOOL_CONVERSION = YES;
				CLANG_WARN_CONSTANT_CONVERSION = YES;
				CLANG_WARN_DIRECT_OBJC_ISA_USAGE = YES_ERROR;
				CLANG_WARN_EMPTY_BODY = YES;
				CLANG_WARN_ENUM_CONVERSION = YES;
				CLANG_WARN_INT_CONVERSION = YES;
				CLANG_WARN_OBJC_ROOT_CLASS = YES_ERROR;
				CLANG_WARN_UNREACHABLE_CODE = YES;
				CLANG_WARN__DUPLICATE_METHOD_MATCH = YES;
				"CODE_SIGN_IDENTITY[sdk=iphoneos*]" = "iPhone Developer";
				COPY_PHASE_STRIP = NO;
				DEBUG_INFORMATION_FORMAT = "dwarf-with-dsym";
				ENABLE_STRICT_OBJC_MSGSEND = YES;
				GCC_C_LANGUAGE_STANDARD = gnu99;
				GCC_DYNAMIC_NO_PIC = NO;
				GCC_NO_COMMON_BLOCKS = YES;
				GCC_OPTIMIZATION_LEVEL = 0;
				GCC_PREPROCESSOR_DEFINITIONS = (
					"DEBUG=1",
					"$(inherited)",
				);
				GCC_SYMBOLS_PRIVATE_EXTERN = NO;
				GCC_WARN_64_TO_32_BIT_CONVERSION = YES;
				GCC_WARN_ABOUT_RETURN_TYPE = YES_ERROR;
				GCC_WARN_UNDECLARED_SELECTOR = YES;
				GCC_WARN_UNINITIALIZED_AUTOS = YES_AGGRESSIVE;
				GCC_WARN_UNUSED_FUNCTION = YES;
				GCC_WARN_UNUSED_VARIABLE = YES;
				IPHONEOS_DEPLOYMENT_TARGET = 8.3;
				MTL_ENABLE_DEBUG_INFO = YES;
				ONLY_ACTIVE_ARCH = YES;
				SDKROOT = iphoneos;
				SWIFT_OPTIMIZATION_LEVEL = "-Onone";
			};
			name = Debug;
		};
		ADD2798E1B4D36D3002E28FF /* Release */ = {
			isa = XCBuildConfiguration;
			buildSettings = {
				ALWAYS_SEARCH_USER_PATHS = NO;
				CLANG_CXX_LANGUAGE_STANDARD = "gnu++0x";
				CLANG_CXX_LIBRARY = "libc++";
				CLANG_ENABLE_MODULES = YES;
				CLANG_ENABLE_OBJC_ARC = YES;
				CLANG_WARN_BOOL_CONVERSION = YES;
				CLANG_WARN_CONSTANT_CONVERSION = YES;
				CLANG_WARN_DIRECT_OBJC_ISA_USAGE = YES_ERROR;
				CLANG_WARN_EMPTY_BODY = YES;
				CLANG_WARN_ENUM_CONVERSION = YES;
				CLANG_WARN_INT_CONVERSION = YES;
				CLANG_WARN_OBJC_ROOT_CLASS = YES_ERROR;
				CLANG_WARN_UNREACHABLE_CODE = YES;
				CLANG_WARN__DUPLICATE_METHOD_MATCH = YES;
				"CODE_SIGN_IDENTITY[sdk=iphoneos*]" = "iPhone Developer";
				COPY_PHASE_STRIP = NO;
				DEBUG_INFORMATION_FORMAT = "dwarf-with-dsym";
				ENABLE_NS_ASSERTIONS = NO;
				ENABLE_STRICT_OBJC_MSGSEND = YES;
				GCC_C_LANGUAGE_STANDARD = gnu99;
				GCC_NO_COMMON_BLOCKS = YES;
				GCC_WARN_64_TO_32_BIT_CONVERSION = YES;
				GCC_WARN_ABOUT_RETURN_TYPE = YES_ERROR;
				GCC_WARN_UNDECLARED_SELECTOR = YES;
				GCC_WARN_UNINITIALIZED_AUTOS = YES_AGGRESSIVE;
				GCC_WARN_UNUSED_FUNCTION = YES;
				GCC_WARN_UNUSED_VARIABLE = YES;
				IPHONEOS_DEPLOYMENT_TARGET = 8.3;
				MTL_ENABLE_DEBUG_INFO = NO;
				SDKROOT = iphoneos;
				VALIDATE_PRODUCT = YES;
			};
			name = Release;
		};
		ADD279901B4D36D3002E28FF /* Debug */ = {
			isa = XCBuildConfiguration;
			buildSettings = {
				ASSETCATALOG_COMPILER_APPICON_NAME = AppIcon;
				INFOPLIST_FILE = "Pitch Perfect v2/Info.plist";
				LD_RUNPATH_SEARCH_PATHS = "$(inherited) @executable_path/Frameworks";
				PRODUCT_NAME = "$(TARGET_NAME)";
			};
			name = Debug;
		};
		ADD279911B4D36D3002E28FF /* Release */ = {
			isa = XCBuildConfiguration;
			buildSettings = {
				ASSETCATALOG_COMPILER_APPICON_NAME = AppIcon;
				INFOPLIST_FILE = "Pitch Perfect v2/Info.plist";
				LD_RUNPATH_SEARCH_PATHS = "$(inherited) @executable_path/Frameworks";
				PRODUCT_NAME = "$(TARGET_NAME)";
			};
			name = Release;
		};
		ADD279931B4D36D3002E28FF /* Debug */ = {
			isa = XCBuildConfiguration;
			buildSettings = {
				BUNDLE_LOADER = "$(TEST_HOST)";
				FRAMEWORK_SEARCH_PATHS = (
					"$(SDKROOT)/Developer/Library/Frameworks",
					"$(inherited)",
				);
				GCC_PREPROCESSOR_DEFINITIONS = (
					"DEBUG=1",
					"$(inherited)",
				);
				INFOPLIST_FILE = "Pitch Perfect v2Tests/Info.plist";
				LD_RUNPATH_SEARCH_PATHS = "$(inherited) @executable_path/Frameworks @loader_path/Frameworks";
				PRODUCT_NAME = "$(TARGET_NAME)";
				TEST_HOST = "$(BUILT_PRODUCTS_DIR)/Pitch Perfect v2.app/Pitch Perfect v2";
			};
			name = Debug;
		};
		ADD279941B4D36D3002E28FF /* Release */ = {
			isa = XCBuildConfiguration;
			buildSettings = {
				BUNDLE_LOADER = "$(TEST_HOST)";
				FRAMEWORK_SEARCH_PATHS = (
					"$(SDKROOT)/Developer/Library/Frameworks",
					"$(inherited)",
				);
				INFOPLIST_FILE = "Pitch Perfect v2Tests/Info.plist";
				LD_RUNPATH_SEARCH_PATHS = "$(inherited) @executable_path/Frameworks @loader_path/Frameworks";
				PRODUCT_NAME = "$(TARGET_NAME)";
				TEST_HOST = "$(BUILT_PRODUCTS_DIR)/Pitch Perfect v2.app/Pitch Perfect v2";
			};
			name = Release;
		};
/* End XCBuildConfiguration section */

/* Begin XCConfigurationList section */
		ADD2796B1B4D36D3002E28FF /* Build configuration list for PBXProject "Pitch Perfect v2" */ = {
			isa = XCConfigurationList;
			buildConfigurations = (
				ADD2798D1B4D36D3002E28FF /* Debug */,
				ADD2798E1B4D36D3002E28FF /* Release */,
			);
			defaultConfigurationIsVisible = 0;
			defaultConfigurationName = Release;
		};
		ADD2798F1B4D36D3002E28FF /* Build configuration list for PBXNativeTarget "Pitch Perfect v2" */ = {
			isa = XCConfigurationList;
			buildConfigurations = (
				ADD279901B4D36D3002E28FF /* Debug */,
				ADD279911B4D36D3002E28FF /* Release */,
			);
			defaultConfigurationIsVisible = 0;
		};
		ADD279921B4D36D3002E28FF /* Build configuration list for PBXNativeTarget "Pitch Perfect v2Tests" */ = {
			isa = XCConfigurationList;
			buildConfigurations = (
				ADD279931B4D36D3002E28FF /* Debug */,
				ADD279941B4D36D3002E28FF /* Release */,
			);
			defaultConfigurationIsVisible = 0;
		};
/* End XCConfigurationList section */
	};
	rootObject = ADD279681B4D36D3002E28FF /* Project object */;
}
